// !$*UTF8*$!
{
	archiveVersion = 1;
	classes = {
	};
	objectVersion = 56;
	objects = {

/* Begin PBXBuildFile section */
		6FCCFC5B2A07C21B00F3E5B9 /* AppDelegate.swift in Sources */ = {isa = PBXBuildFile; fileRef = 6FCCFC5A2A07C21B00F3E5B9 /* AppDelegate.swift */; };
		6FCCFC5D2A07C21B00F3E5B9 /* SceneDelegate.swift in Sources */ = {isa = PBXBuildFile; fileRef = 6FCCFC5C2A07C21B00F3E5B9 /* SceneDelegate.swift */; };
		6FCCFC5F2A07C21B00F3E5B9 /* ViewController.swift in Sources */ = {isa = PBXBuildFile; fileRef = 6FCCFC5E2A07C21B00F3E5B9 /* ViewController.swift */; };
		6FCCFC622A07C21B00F3E5B9 /* Main.storyboard in Resources */ = {isa = PBXBuildFile; fileRef = 6FCCFC602A07C21B00F3E5B9 /* Main.storyboard */; };
		6FCCFC642A07C21D00F3E5B9 /* Assets.xcassets in Resources */ = {isa = PBXBuildFile; fileRef = 6FCCFC632A07C21D00F3E5B9 /* Assets.xcassets */; };
		6FCCFC672A07C21D00F3E5B9 /* LaunchScreen.storyboard in Resources */ = {isa = PBXBuildFile; fileRef = 6FCCFC652A07C21D00F3E5B9 /* LaunchScreen.storyboard */; };
		6FCCFC722A07C21D00F3E5B9 /* SwiftTestingTests.swift in Sources */ = {isa = PBXBuildFile; fileRef = 6FCCFC712A07C21D00F3E5B9 /* SwiftTestingTests.swift */; };
		6FCCFC7C2A07C21D00F3E5B9 /* SwiftTestingUITests.swift in Sources */ = {isa = PBXBuildFile; fileRef = 6FCCFC7B2A07C21D00F3E5B9 /* SwiftTestingUITests.swift */; };
		6FCCFC7E2A07C21D00F3E5B9 /* SwiftTestingUITestsLaunchTests.swift in Sources */ = {isa = PBXBuildFile; fileRef = 6FCCFC7D2A07C21D00F3E5B9 /* SwiftTestingUITestsLaunchTests.swift */; };
		6FCCFC8B2A07C27500F3E5B9 /* mathematicFunction.swift in Sources */ = {isa = PBXBuildFile; fileRef = 6FCCFC8A2A07C27500F3E5B9 /* mathematicFunction.swift */; };
/* End PBXBuildFile section */

/* Begin PBXContainerItemProxy section */
		6FCCFC6E2A07C21D00F3E5B9 /* PBXContainerItemProxy */ = {
			isa = PBXContainerItemProxy;
			containerPortal = 6FCCFC4F2A07C21B00F3E5B9 /* Project object */;
			proxyType = 1;
			remoteGlobalIDString = 6FCCFC562A07C21B00F3E5B9;
			remoteInfo = SwiftTesting;
		};
		6FCCFC782A07C21D00F3E5B9 /* PBXContainerItemProxy */ = {
			isa = PBXContainerItemProxy;
			containerPortal = 6FCCFC4F2A07C21B00F3E5B9 /* Project object */;
			proxyType = 1;
			remoteGlobalIDString = 6FCCFC562A07C21B00F3E5B9;
			remoteInfo = SwiftTesting;
		};
/* End PBXContainerItemProxy section */

/* Begin PBXFileReference section */
		6FCCFC572A07C21B00F3E5B9 /* SwiftTesting.app */ = {isa = PBXFileReference; explicitFileType = wrapper.application; includeInIndex = 0; path = SwiftTesting.app; sourceTree = BUILT_PRODUCTS_DIR; };
		6FCCFC5A2A07C21B00F3E5B9 /* AppDelegate.swift */ = {isa = PBXFileReference; lastKnownFileType = sourcecode.swift; path = AppDelegate.swift; sourceTree = "<group>"; };
		6FCCFC5C2A07C21B00F3E5B9 /* SceneDelegate.swift */ = {isa = PBXFileReference; lastKnownFileType = sourcecode.swift; path = SceneDelegate.swift; sourceTree = "<group>"; };
		6FCCFC5E2A07C21B00F3E5B9 /* ViewController.swift */ = {isa = PBXFileReference; lastKnownFileType = sourcecode.swift; path = ViewController.swift; sourceTree = "<group>"; };
		6FCCFC612A07C21B00F3E5B9 /* Base */ = {isa = PBXFileReference; lastKnownFileType = file.storyboard; name = Base; path = Base.lproj/Main.storyboard; sourceTree = "<group>"; };
		6FCCFC632A07C21D00F3E5B9 /* Assets.xcassets */ = {isa = PBXFileReference; lastKnownFileType = folder.assetcatalog; path = Assets.xcassets; sourceTree = "<group>"; };
		6FCCFC662A07C21D00F3E5B9 /* Base */ = {isa = PBXFileReference; lastKnownFileType = file.storyboard; name = Base; path = Base.lproj/LaunchScreen.storyboard; sourceTree = "<group>"; };
		6FCCFC682A07C21D00F3E5B9 /* Info.plist */ = {isa = PBXFileReference; lastKnownFileType = text.plist.xml; path = Info.plist; sourceTree = "<group>"; };
		6FCCFC6D2A07C21D00F3E5B9 /* SwiftTestingTests.xctest */ = {isa = PBXFileReference; explicitFileType = wrapper.cfbundle; includeInIndex = 0; path = SwiftTestingTests.xctest; sourceTree = BUILT_PRODUCTS_DIR; };
		6FCCFC712A07C21D00F3E5B9 /* SwiftTestingTests.swift */ = {isa = PBXFileReference; lastKnownFileType = sourcecode.swift; path = SwiftTestingTests.swift; sourceTree = "<group>"; };
		6FCCFC772A07C21D00F3E5B9 /* SwiftTestingUITests.xctest */ = {isa = PBXFileReference; explicitFileType = wrapper.cfbundle; includeInIndex = 0; path = SwiftTestingUITests.xctest; sourceTree = BUILT_PRODUCTS_DIR; };
		6FCCFC7B2A07C21D00F3E5B9 /* SwiftTestingUITests.swift */ = {isa = PBXFileReference; lastKnownFileType = sourcecode.swift; path = SwiftTestingUITests.swift; sourceTree = "<group>"; };
		6FCCFC7D2A07C21D00F3E5B9 /* SwiftTestingUITestsLaunchTests.swift */ = {isa = PBXFileReference; lastKnownFileType = sourcecode.swift; path = SwiftTestingUITestsLaunchTests.swift; sourceTree = "<group>"; };
		6FCCFC8A2A07C27500F3E5B9 /* mathematicFunction.swift */ = {isa = PBXFileReference; lastKnownFileType = sourcecode.swift; path = mathematicFunction.swift; sourceTree = "<group>"; };
/* End PBXFileReference section */

/* Begin PBXFrameworksBuildPhase section */
		6FCCFC542A07C21B00F3E5B9 /* Frameworks */ = {
			isa = PBXFrameworksBuildPhase;
			buildActionMask = 2147483647;
			files = (
			);
			runOnlyForDeploymentPostprocessing = 0;
		};
		6FCCFC6A2A07C21D00F3E5B9 /* Frameworks */ = {
			isa = PBXFrameworksBuildPhase;
			buildActionMask = 2147483647;
			files = (
			);
			runOnlyForDeploymentPostprocessing = 0;
		};
		6FCCFC742A07C21D00F3E5B9 /* Frameworks */ = {
			isa = PBXFrameworksBuildPhase;
			buildActionMask = 2147483647;
			files = (
			);
			runOnlyForDeploymentPostprocessing = 0;
		};
/* End PBXFrameworksBuildPhase section */

/* Begin PBXGroup section */
		6FCCFC4E2A07C21B00F3E5B9 = {
			isa = PBXGroup;
			children = (
				6FCCFC592A07C21B00F3E5B9 /* SwiftTesting */,
				6FCCFC702A07C21D00F3E5B9 /* SwiftTestingTests */,
				6FCCFC7A2A07C21D00F3E5B9 /* SwiftTestingUITests */,
				6FCCFC582A07C21B00F3E5B9 /* Products */,
			);
			sourceTree = "<group>";
		};
		6FCCFC582A07C21B00F3E5B9 /* Products */ = {
			isa = PBXGroup;
			children = (
				6FCCFC572A07C21B00F3E5B9 /* SwiftTesting.app */,
				6FCCFC6D2A07C21D00F3E5B9 /* SwiftTestingTests.xctest */,
				6FCCFC772A07C21D00F3E5B9 /* SwiftTestingUITests.xctest */,
			);
			name = Products;
			sourceTree = "<group>";
		};
		6FCCFC592A07C21B00F3E5B9 /* SwiftTesting */ = {
			isa = PBXGroup;
			children = (
				6FCCFC5A2A07C21B00F3E5B9 /* AppDelegate.swift */,
				6FCCFC5C2A07C21B00F3E5B9 /* SceneDelegate.swift */,
				6FCCFC5E2A07C21B00F3E5B9 /* ViewController.swift */,
				6FCCFC8A2A07C27500F3E5B9 /* mathematicFunction.swift */,
				6FCCFC602A07C21B00F3E5B9 /* Main.storyboard */,
				6FCCFC632A07C21D00F3E5B9 /* Assets.xcassets */,
				6FCCFC652A07C21D00F3E5B9 /* LaunchScreen.storyboard */,
				6FCCFC682A07C21D00F3E5B9 /* Info.plist */,
			);
			path = SwiftTesting;
			sourceTree = "<group>";
		};
		6FCCFC702A07C21D00F3E5B9 /* SwiftTestingTests */ = {
			isa = PBXGroup;
			children = (
				6FCCFC712A07C21D00F3E5B9 /* SwiftTestingTests.swift */,
			);
			path = SwiftTestingTests;
			sourceTree = "<group>";
		};
		6FCCFC7A2A07C21D00F3E5B9 /* SwiftTestingUITests */ = {
			isa = PBXGroup;
			children = (
				6FCCFC7B2A07C21D00F3E5B9 /* SwiftTestingUITests.swift */,
				6FCCFC7D2A07C21D00F3E5B9 /* SwiftTestingUITestsLaunchTests.swift */,
			);
			path = SwiftTestingUITests;
			sourceTree = "<group>";
		};
/* End PBXGroup section */

/* Begin PBXNativeTarget section */
		6FCCFC562A07C21B00F3E5B9 /* SwiftTesting */ = {
			isa = PBXNativeTarget;
			buildConfigurationList = 6FCCFC812A07C21D00F3E5B9 /* Build configuration list for PBXNativeTarget "SwiftTesting" */;
			buildPhases = (
				6FCCFC532A07C21B00F3E5B9 /* Sources */,
				6FCCFC542A07C21B00F3E5B9 /* Frameworks */,
				6FCCFC552A07C21B00F3E5B9 /* Resources */,
			);
			buildRules = (
			);
			dependencies = (
			);
			name = SwiftTesting;
			productName = SwiftTesting;
			productReference = 6FCCFC572A07C21B00F3E5B9 /* SwiftTesting.app */;
			productType = "com.apple.product-type.application";
		};
		6FCCFC6C2A07C21D00F3E5B9 /* SwiftTestingTests */ = {
			isa = PBXNativeTarget;
			buildConfigurationList = 6FCCFC842A07C21D00F3E5B9 /* Build configuration list for PBXNativeTarget "SwiftTestingTests" */;
			buildPhases = (
				6FCCFC692A07C21D00F3E5B9 /* Sources */,
				6FCCFC6A2A07C21D00F3E5B9 /* Frameworks */,
				6FCCFC6B2A07C21D00F3E5B9 /* Resources */,
			);
			buildRules = (
			);
			dependencies = (
				6FCCFC6F2A07C21D00F3E5B9 /* PBXTargetDependency */,
			);
			name = SwiftTestingTests;
			productName = SwiftTestingTests;
			productReference = 6FCCFC6D2A07C21D00F3E5B9 /* SwiftTestingTests.xctest */;
			productType = "com.apple.product-type.bundle.unit-test";
		};
		6FCCFC762A07C21D00F3E5B9 /* SwiftTestingUITests */ = {
			isa = PBXNativeTarget;
			buildConfigurationList = 6FCCFC872A07C21D00F3E5B9 /* Build configuration list for PBXNativeTarget "SwiftTestingUITests" */;
			buildPhases = (
				6FCCFC732A07C21D00F3E5B9 /* Sources */,
				6FCCFC742A07C21D00F3E5B9 /* Frameworks */,
				6FCCFC752A07C21D00F3E5B9 /* Resources */,
			);
			buildRules = (
			);
			dependencies = (
				6FCCFC792A07C21D00F3E5B9 /* PBXTargetDependency */,
			);
			name = SwiftTestingUITests;
			productName = SwiftTestingUITests;
			productReference = 6FCCFC772A07C21D00F3E5B9 /* SwiftTestingUITests.xctest */;
			productType = "com.apple.product-type.bundle.ui-testing";
		};
/* End PBXNativeTarget section */

/* Begin PBXProject section */
		6FCCFC4F2A07C21B00F3E5B9 /* Project object */ = {
			isa = PBXProject;
			attributes = {
				BuildIndependentTargetsInParallel = 1;
				LastSwiftUpdateCheck = 1420;
				LastUpgradeCheck = 1420;
				TargetAttributes = {
					6FCCFC562A07C21B00F3E5B9 = {
						CreatedOnToolsVersion = 14.2;
					};
					6FCCFC6C2A07C21D00F3E5B9 = {
						CreatedOnToolsVersion = 14.2;
						TestTargetID = 6FCCFC562A07C21B00F3E5B9;
					};
					6FCCFC762A07C21D00F3E5B9 = {
						CreatedOnToolsVersion = 14.2;
						TestTargetID = 6FCCFC562A07C21B00F3E5B9;
					};
				};
			};
			buildConfigurationList = 6FCCFC522A07C21B00F3E5B9 /* Build configuration list for PBXProject "SwiftTesting" */;
			compatibilityVersion = "Xcode 14.0";
			developmentRegion = en;
			hasScannedForEncodings = 0;
			knownRegions = (
				en,
				Base,
			);
			mainGroup = 6FCCFC4E2A07C21B00F3E5B9;
			productRefGroup = 6FCCFC582A07C21B00F3E5B9 /* Products */;
			projectDirPath = "";
			projectRoot = "";
			targets = (
				6FCCFC562A07C21B00F3E5B9 /* SwiftTesting */,
				6FCCFC6C2A07C21D00F3E5B9 /* SwiftTestingTests */,
				6FCCFC762A07C21D00F3E5B9 /* SwiftTestingUITests */,
			);
		};
/* End PBXProject section */

/* Begin PBXResourcesBuildPhase section */
		6FCCFC552A07C21B00F3E5B9 /* Resources */ = {
			isa = PBXResourcesBuildPhase;
			buildActionMask = 2147483647;
			files = (
				6FCCFC672A07C21D00F3E5B9 /* LaunchScreen.storyboard in Resources */,
				6FCCFC642A07C21D00F3E5B9 /* Assets.xcassets in Resources */,
				6FCCFC622A07C21B00F3E5B9 /* Main.storyboard in Resources */,
			);
			runOnlyForDeploymentPostprocessing = 0;
		};
		6FCCFC6B2A07C21D00F3E5B9 /* Resources */ = {
			isa = PBXResourcesBuildPhase;
			buildActionMask = 2147483647;
			files = (
			);
			runOnlyForDeploymentPostprocessing = 0;
		};
		6FCCFC752A07C21D00F3E5B9 /* Resources */ = {
			isa = PBXResourcesBuildPhase;
			buildActionMask = 2147483647;
			files = (
			);
			runOnlyForDeploymentPostprocessing = 0;
		};
/* End PBXResourcesBuildPhase section */

/* Begin PBXSourcesBuildPhase section */
		6FCCFC532A07C21B00F3E5B9 /* Sources */ = {
			isa = PBXSourcesBuildPhase;
			buildActionMask = 2147483647;
			files = (
				6FCCFC5F2A07C21B00F3E5B9 /* ViewController.swift in Sources */,
				6FCCFC5B2A07C21B00F3E5B9 /* AppDelegate.swift in Sources */,
				6FCCFC8B2A07C27500F3E5B9 /* mathematicFunction.swift in Sources */,
				6FCCFC5D2A07C21B00F3E5B9 /* SceneDelegate.swift in Sources */,
			);
			runOnlyForDeploymentPostprocessing = 0;
		};
		6FCCFC692A07C21D00F3E5B9 /* Sources */ = {
			isa = PBXSourcesBuildPhase;
			buildActionMask = 2147483647;
			files = (
				6FCCFC722A07C21D00F3E5B9 /* SwiftTestingTests.swift in Sources */,
			);
			runOnlyForDeploymentPostprocessing = 0;
		};
		6FCCFC732A07C21D00F3E5B9 /* Sources */ = {
			isa = PBXSourcesBuildPhase;
			buildActionMask = 2147483647;
			files = (
				6FCCFC7C2A07C21D00F3E5B9 /* SwiftTestingUITests.swift in Sources */,
				6FCCFC7E2A07C21D00F3E5B9 /* SwiftTestingUITestsLaunchTests.swift in Sources */,
			);
			runOnlyForDeploymentPostprocessing = 0;
		};
/* End PBXSourcesBuildPhase section */

/* Begin PBXTargetDependency section */
		6FCCFC6F2A07C21D00F3E5B9 /* PBXTargetDependency */ = {
			isa = PBXTargetDependency;
			target = 6FCCFC562A07C21B00F3E5B9 /* SwiftTesting */;
			targetProxy = 6FCCFC6E2A07C21D00F3E5B9 /* PBXContainerItemProxy */;
		};
		6FCCFC792A07C21D00F3E5B9 /* PBXTargetDependency */ = {
			isa = PBXTargetDependency;
			target = 6FCCFC562A07C21B00F3E5B9 /* SwiftTesting */;
			targetProxy = 6FCCFC782A07C21D00F3E5B9 /* PBXContainerItemProxy */;
		};
/* End PBXTargetDependency section */

/* Begin PBXVariantGroup section */
		6FCCFC602A07C21B00F3E5B9 /* Main.storyboard */ = {
			isa = PBXVariantGroup;
			children = (
				6FCCFC612A07C21B00F3E5B9 /* Base */,
			);
			name = Main.storyboard;
			sourceTree = "<group>";
		};
		6FCCFC652A07C21D00F3E5B9 /* LaunchScreen.storyboard */ = {
			isa = PBXVariantGroup;
			children = (
				6FCCFC662A07C21D00F3E5B9 /* Base */,
			);
			name = LaunchScreen.storyboard;
			sourceTree = "<group>";
		};
/* End PBXVariantGroup section */

/* Begin XCBuildConfiguration section */
		6FCCFC7F2A07C21D00F3E5B9 /* Debug */ = {
			isa = XCBuildConfiguration;
			buildSettings = {
				ALWAYS_SEARCH_USER_PATHS = NO;
				CLANG_ANALYZER_NONNULL = YES;
				CLANG_ANALYZER_NUMBER_OBJECT_CONVERSION = YES_AGGRESSIVE;
				CLANG_CXX_LANGUAGE_STANDARD = "gnu++20";
				CLANG_ENABLE_MODULES = YES;
				CLANG_ENABLE_OBJC_ARC = YES;
				CLANG_ENABLE_OBJC_WEAK = YES;
				CLANG_WARN_BLOCK_CAPTURE_AUTORELEASING = YES;
				CLANG_WARN_BOOL_CONVERSION = YES;
				CLANG_WARN_COMMA = YES;
				CLANG_WARN_CONSTANT_CONVERSION = YES;
				CLANG_WARN_DEPRECATED_OBJC_IMPLEMENTATIONS = YES;
				CLANG_WARN_DIRECT_OBJC_ISA_USAGE = YES_ERROR;
				CLANG_WARN_DOCUMENTATION_COMMENTS = YES;
				CLANG_WARN_EMPTY_BODY = YES;
				CLANG_WARN_ENUM_CONVERSION = YES;
				CLANG_WARN_INFINITE_RECURSION = YES;
				CLANG_WARN_INT_CONVERSION = YES;
				CLANG_WARN_NON_LITERAL_NULL_CONVERSION = YES;
				CLANG_WARN_OBJC_IMPLICIT_RETAIN_SELF = YES;
				CLANG_WARN_OBJC_LITERAL_CONVERSION = YES;
				CLANG_WARN_OBJC_ROOT_CLASS = YES_ERROR;
				CLANG_WARN_QUOTED_INCLUDE_IN_FRAMEWORK_HEADER = YES;
				CLANG_WARN_RANGE_LOOP_ANALYSIS = YES;
				CLANG_WARN_STRICT_PROTOTYPES = YES;
				CLANG_WARN_SUSPICIOUS_MOVE = YES;
				CLANG_WARN_UNGUARDED_AVAILABILITY = YES_AGGRESSIVE;
				CLANG_WARN_UNREACHABLE_CODE = YES;
				CLANG_WARN__DUPLICATE_METHOD_MATCH = YES;
				COPY_PHASE_STRIP = NO;
				DEBUG_INFORMATION_FORMAT = dwarf;
				ENABLE_STRICT_OBJC_MSGSEND = YES;
				ENABLE_TESTABILITY = YES;
				GCC_C_LANGUAGE_STANDARD = gnu11;
				GCC_DYNAMIC_NO_PIC = NO;
				GCC_NO_COMMON_BLOCKS = YES;
				GCC_OPTIMIZATION_LEVEL = 0;
				GCC_PREPROCESSOR_DEFINITIONS = (
					"DEBUG=1",
					"$(inherited)",
				);
				GCC_WARN_64_TO_32_BIT_CONVERSION = YES;
				GCC_WARN_ABOUT_RETURN_TYPE = YES_ERROR;
				GCC_WARN_UNDECLARED_SELECTOR = YES;
				GCC_WARN_UNINITIALIZED_AUTOS = YES_AGGRESSIVE;
				GCC_WARN_UNUSED_FUNCTION = YES;
				GCC_WARN_UNUSED_VARIABLE = YES;
				IPHONEOS_DEPLOYMENT_TARGET = 16.2;
				MTL_ENABLE_DEBUG_INFO = INCLUDE_SOURCE;
				MTL_FAST_MATH = YES;
				ONLY_ACTIVE_ARCH = YES;
				SDKROOT = iphoneos;
				SWIFT_ACTIVE_COMPILATION_CONDITIONS = DEBUG;
				SWIFT_OPTIMIZATION_LEVEL = "-Onone";
			};
			name = Debug;
		};
		6FCCFC802A07C21D00F3E5B9 /* Release */ = {
			isa = XCBuildConfiguration;
			buildSettings = {
				ALWAYS_SEARCH_USER_PATHS = NO;
				CLANG_ANALYZER_NONNULL = YES;
				CLANG_ANALYZER_NUMBER_OBJECT_CONVERSION = YES_AGGRESSIVE;
				CLANG_CXX_LANGUAGE_STANDARD = "gnu++20";
				CLANG_ENABLE_MODULES = YES;
				CLANG_ENABLE_OBJC_ARC = YES;
				CLANG_ENABLE_OBJC_WEAK = YES;
				CLANG_WARN_BLOCK_CAPTURE_AUTORELEASING = YES;
				CLANG_WARN_BOOL_CONVERSION = YES;
				CLANG_WARN_COMMA = YES;
				CLANG_WARN_CONSTANT_CONVERSION = YES;
				CLANG_WARN_DEPRECATED_OBJC_IMPLEMENTATIONS = YES;
				CLANG_WARN_DIRECT_OBJC_ISA_USAGE = YES_ERROR;
				CLANG_WARN_DOCUMENTATION_COMMENTS = YES;
				CLANG_WARN_EMPTY_BODY = YES;
				CLANG_WARN_ENUM_CONVERSION = YES;
				CLANG_WARN_INFINITE_RECURSION = YES;
				CLANG_WARN_INT_CONVERSION = YES;
				CLANG_WARN_NON_LITERAL_NULL_CONVERSION = YES;
				CLANG_WARN_OBJC_IMPLICIT_RETAIN_SELF = YES;
				CLANG_WARN_OBJC_LITERAL_CONVERSION = YES;
				CLANG_WARN_OBJC_ROOT_CLASS = YES_ERROR;
				CLANG_WARN_QUOTED_INCLUDE_IN_FRAMEWORK_HEADER = YES;
				CLANG_WARN_RANGE_LOOP_ANALYSIS = YES;
				CLANG_WARN_STRICT_PROTOTYPES = YES;
				CLANG_WARN_SUSPICIOUS_MOVE = YES;
				CLANG_WARN_UNGUARDED_AVAILABILITY = YES_AGGRESSIVE;
				CLANG_WARN_UNREACHABLE_CODE = YES;
				CLANG_WARN__DUPLICATE_METHOD_MATCH = YES;
				COPY_PHASE_STRIP = NO;
				DEBUG_INFORMATION_FORMAT = "dwarf-with-dsym";
				ENABLE_NS_ASSERTIONS = NO;
				ENABLE_STRICT_OBJC_MSGSEND = YES;
				GCC_C_LANGUAGE_STANDARD = gnu11;
				GCC_NO_COMMON_BLOCKS = YES;
				GCC_WARN_64_TO_32_BIT_CONVERSION = YES;
				GCC_WARN_ABOUT_RETURN_TYPE = YES_ERROR;
				GCC_WARN_UNDECLARED_SELECTOR = YES;
				GCC_WARN_UNINITIALIZED_AUTOS = YES_AGGRESSIVE;
				GCC_WARN_UNUSED_FUNCTION = YES;
				GCC_WARN_UNUSED_VARIABLE = YES;
				IPHONEOS_DEPLOYMENT_TARGET = 16.2;
				MTL_ENABLE_DEBUG_INFO = NO;
				MTL_FAST_MATH = YES;
				SDKROOT = iphoneos;
				SWIFT_COMPILATION_MODE = wholemodule;
				SWIFT_OPTIMIZATION_LEVEL = "-O";
				VALIDATE_PRODUCT = YES;
			};
			name = Release;
		};
		6FCCFC822A07C21D00F3E5B9 /* Debug */ = {
			isa = XCBuildConfiguration;
			buildSettings = {
				ASSETCATALOG_COMPILER_APPICON_NAME = AppIcon;
				ASSETCATALOG_COMPILER_GLOBAL_ACCENT_COLOR_NAME = AccentColor;
				CODE_SIGN_STYLE = Automatic;
				CURRENT_PROJECT_VERSION = 1;
				DEVELOPMENT_TEAM = C6BZF2R2MD;
				GENERATE_INFOPLIST_FILE = YES;
				INFOPLIST_FILE = SwiftTesting/Info.plist;
				INFOPLIST_KEY_UIApplicationSupportsIndirectInputEvents = YES;
				INFOPLIST_KEY_UILaunchStoryboardName = LaunchScreen;
				INFOPLIST_KEY_UIMainStoryboardFile = Main;
				INFOPLIST_KEY_UISupportedInterfaceOrientations_iPad = "UIInterfaceOrientationPortrait UIInterfaceOrientationPortraitUpsideDown UIInterfaceOrientationLandscapeLeft UIInterfaceOrientationLandscapeRight";
				INFOPLIST_KEY_UISupportedInterfaceOrientations_iPhone = "UIInterfaceOrientationPortrait UIInterfaceOrientationLandscapeLeft UIInterfaceOrientationLandscapeRight";
				LD_RUNPATH_SEARCH_PATHS = (
					"$(inherited)",
					"@executable_path/Frameworks",
				);
				MARKETING_VERSION = 1.0;
				PRODUCT_BUNDLE_IDENTIFIER = com.ihsanburakafyonlu.SwiftTesting;
				PRODUCT_NAME = "$(TARGET_NAME)";
				SWIFT_EMIT_LOC_STRINGS = YES;
				SWIFT_VERSION = 5.0;
				TARGETED_DEVICE_FAMILY = "1,2";
			};
			name = Debug;
		};
		6FCCFC832A07C21D00F3E5B9 /* Release */ = {
			isa = XCBuildConfiguration;
			buildSettings = {
				ASSETCATALOG_COMPILER_APPICON_NAME = AppIcon;
				ASSETCATALOG_COMPILER_GLOBAL_ACCENT_COLOR_NAME = AccentColor;
				CODE_SIGN_STYLE = Automatic;
				CURRENT_PROJECT_VERSION = 1;
				DEVELOPMENT_TEAM = C6BZF2R2MD;
				GENERATE_INFOPLIST_FILE = YES;
				INFOPLIST_FILE = SwiftTesting/Info.plist;
				INFOPLIST_KEY_UIApplicationSupportsIndirectInputEvents = YES;
				INFOPLIST_KEY_UILaunchStoryboardName = LaunchScreen;
				INFOPLIST_KEY_UIMainStoryboardFile = Main;
				INFOPLIST_KEY_UISupportedInterfaceOrientations_iPad = "UIInterfaceOrientationPortrait UIInterfaceOrientationPortraitUpsideDown UIInterfaceOrientationLandscapeLeft UIInterfaceOrientationLandscapeRight";
				INFOPLIST_KEY_UISupportedInterfaceOrientations_iPhone = "UIInterfaceOrientationPortrait UIInterfaceOrientationLandscapeLeft UIInterfaceOrientationLandscapeRight";
				LD_RUNPATH_SEARCH_PATHS = (
					"$(inherited)",
					"@executable_path/Frameworks",
				);
				MARKETING_VERSION = 1.0;
				PRODUCT_BUNDLE_IDENTIFIER = com.ihsanburakafyonlu.SwiftTesting;
				PRODUCT_NAME = "$(TARGET_NAME)";
				SWIFT_EMIT_LOC_STRINGS = YES;
				SWIFT_VERSION = 5.0;
				TARGETED_DEVICE_FAMILY = "1,2";
			};
			name = Release;
		};
		6FCCFC852A07C21D00F3E5B9 /* Debug */ = {
			isa = XCBuildConfiguration;
			buildSettings = {
				ALWAYS_EMBED_SWIFT_STANDARD_LIBRARIES = YES;
				BUNDLE_LOADER = "$(TEST_HOST)";
				CODE_SIGN_STYLE = Automatic;
				CURRENT_PROJECT_VERSION = 1;
				DEVELOPMENT_TEAM = C6BZF2R2MD;
				GENERATE_INFOPLIST_FILE = YES;
				IPHONEOS_DEPLOYMENT_TARGET = 16.2;
				MARKETING_VERSION = 1.0;
				PRODUCT_BUNDLE_IDENTIFIER = com.ihsanburakafyonlu.SwiftTestingTests;
				PRODUCT_NAME = "$(TARGET_NAME)";
				SWIFT_EMIT_LOC_STRINGS = NO;
				SWIFT_VERSION = 5.0;
				TARGETED_DEVICE_FAMILY = "1,2";
				TEST_HOST = "$(BUILT_PRODUCTS_DIR)/SwiftTesting.app/$(BUNDLE_EXECUTABLE_FOLDER_PATH)/SwiftTesting";
			};
			name = Debug;
		};
		6FCCFC862A07C21D00F3E5B9 /* Release */ = {
			isa = XCBuildConfiguration;
			buildSettings = {
				ALWAYS_EMBED_SWIFT_STANDARD_LIBRARIES = YES;
				BUNDLE_LOADER = "$(TEST_HOST)";
				CODE_SIGN_STYLE = Automatic;
				CURRENT_PROJECT_VERSION = 1;
				DEVELOPMENT_TEAM = C6BZF2R2MD;
				GENERATE_INFOPLIST_FILE = YES;
				IPHONEOS_DEPLOYMENT_TARGET = 16.2;
				MARKETING_VERSION = 1.0;
				PRODUCT_BUNDLE_IDENTIFIER = com.ihsanburakafyonlu.SwiftTestingTests;
				PRODUCT_NAME = "$(TARGET_NAME)";
				SWIFT_EMIT_LOC_STRINGS = NO;
				SWIFT_VERSION = 5.0;
				TARGETED_DEVICE_FAMILY = "1,2";
				TEST_HOST = "$(BUILT_PRODUCTS_DIR)/SwiftTesting.app/$(BUNDLE_EXECUTABLE_FOLDER_PATH)/SwiftTesting";
			};
			name = Release;
		};
		6FCCFC882A07C21D00F3E5B9 /* Debug */ = {
			isa = XCBuildConfiguration;
			buildSettings = {
				ALWAYS_EMBED_SWIFT_STANDARD_LIBRARIES = YES;
				CODE_SIGN_STYLE = Automatic;
				CURRENT_PROJECT_VERSION = 1;
				DEVELOPMENT_TEAM = C6BZF2R2MD;
				GENERATE_INFOPLIST_FILE = YES;
				MARKETING_VERSION = 1.0;
				PRODUCT_BUNDLE_IDENTIFIER = com.ihsanburakafyonlu.SwiftTestingUITests;
				PRODUCT_NAME = "$(TARGET_NAME)";
				SWIFT_EMIT_LOC_STRINGS = NO;
				SWIFT_VERSION = 5.0;
				TARGETED_DEVICE_FAMILY = "1,2";
				TEST_TARGET_NAME = SwiftTesting;
			};
			name = Debug;
		};
		6FCCFC892A07C21D00F3E5B9 /* Release */ = {
			isa = XCBuildConfiguration;
			buildSettings = {
				ALWAYS_EMBED_SWIFT_STANDARD_LIBRARIES = YES;
				CODE_SIGN_STYLE = Automatic;
				CURRENT_PROJECT_VERSION = 1;
				DEVELOPMENT_TEAM = C6BZF2R2MD;
				GENERATE_INFOPLIST_FILE = YES;
				MARKETING_VERSION = 1.0;
				PRODUCT_BUNDLE_IDENTIFIER = com.ihsanburakafyonlu.SwiftTestingUITests;
				PRODUCT_NAME = "$(TARGET_NAME)";
				SWIFT_EMIT_LOC_STRINGS = NO;
				SWIFT_VERSION = 5.0;
				TARGETED_DEVICE_FAMILY = "1,2";
				TEST_TARGET_NAME = SwiftTesting;
			};
			name = Release;
		};
/* End XCBuildConfiguration section */

/* Begin XCConfigurationList section */
		6FCCFC522A07C21B00F3E5B9 /* Build configuration list for PBXProject "SwiftTesting" */ = {
			isa = XCConfigurationList;
			buildConfigurations = (
				6FCCFC7F2A07C21D00F3E5B9 /* Debug */,
				6FCCFC802A07C21D00F3E5B9 /* Release */,
			);
			defaultConfigurationIsVisible = 0;
			defaultConfigurationName = Release;
		};
		6FCCFC812A07C21D00F3E5B9 /* Build configuration list for PBXNativeTarget "SwiftTesting" */ = {
			isa = XCConfigurationList;
			buildConfigurations = (
				6FCCFC822A07C21D00F3E5B9 /* Debug */,
				6FCCFC832A07C21D00F3E5B9 /* Release */,
			);
			defaultConfigurationIsVisible = 0;
			defaultConfigurationName = Release;
		};
		6FCCFC842A07C21D00F3E5B9 /* Build configuration list for PBXNativeTarget "SwiftTestingTests" */ = {
			isa = XCConfigurationList;
			buildConfigurations = (
				6FCCFC852A07C21D00F3E5B9 /* Debug */,
				6FCCFC862A07C21D00F3E5B9 /* Release */,
			);
			defaultConfigurationIsVisible = 0;
			defaultConfigurationName = Release;
		};
		6FCCFC872A07C21D00F3E5B9 /* Build configuration list for PBXNativeTarget "SwiftTestingUITests" */ = {
			isa = XCConfigurationList;
			buildConfigurations = (
				6FCCFC882A07C21D00F3E5B9 /* Debug */,
				6FCCFC892A07C21D00F3E5B9 /* Release */,
			);
			defaultConfigurationIsVisible = 0;
			defaultConfigurationName = Release;
		};
/* End XCConfigurationList section */
	};
	rootObject = 6FCCFC4F2A07C21B00F3E5B9 /* Project object */;
}
